
Microsoft Visual Studio Solution File, Format Version 12.00
# Visual Studio Version 17
VisualStudioVersion = 17.14.36414.22 d17.14
MinimumVisualStudioVersion = 10.0.40219.1
Project("{FAE04EC0-301F-11D3-BF4B-00C04F79EFBC}") = "CalculadoraSimples", "CalculadoraSimples\CalculadoraSimples.csproj", "{FAC14BE5-3FE8-4BDD-87D6-FFE314A09DFF}"
EndProject
Global
	GlobalSection(SolutionConfigurationPlatforms) = preSolution
		Debug|Any CPU = Debug|Any CPU
		Release|Any CPU = Release|Any CPU
	EndGlobalSection
	GlobalSection(ProjectConfigurationPlatforms) = postSolution
		{FAC14BE5-3FE8-4BDD-87D6-FFE314A09DFF}.Debug|Any CPU.ActiveCfg = Debug|Any CPU
		{FAC14BE5-3FE8-4BDD-87D6-FFE314A09DFF}.Debug|Any CPU.Build.0 = Debug|Any CPU
		{FAC14BE5-3FE8-4BDD-87D6-FFE314A09DFF}.Release|Any CPU.ActiveCfg = Release|Any CPU
		{FAC14BE5-3FE8-4BDD-87D6-FFE314A09DFF}.Release|Any CPU.Build.0 = Release|Any CPU
	EndGlobalSection
	GlobalSection(SolutionProperties) = preSolution
		HideSolutionNode = FALSE
	EndGlobalSection
	GlobalSection(ExtensibilityGlobals) = postSolution
		SolutionGuid = {9603D2A5-18CF-4756-8618-757BF524AE0F}
	EndGlobalSection
EndGlobal
